// !$*UTF8*$!
{
	archiveVersion = 1;
	classes = {
	};
	objectVersion = 56;
	objects = {

/* Begin PBXBuildFile section */
		1101074B2B0B0542009CBA6F /* Little_LemonApp.swift in Sources */ = {isa = PBXBuildFile; fileRef = 1101074A2B0B0542009CBA6F /* Little_LemonApp.swift */; };
		1101074D2B0B0542009CBA6F /* ContentView.swift in Sources */ = {isa = PBXBuildFile; fileRef = 1101074C2B0B0542009CBA6F /* ContentView.swift */; };
		1101074F2B0B0542009CBA6F /* Item.swift in Sources */ = {isa = PBXBuildFile; fileRef = 1101074E2B0B0542009CBA6F /* Item.swift */; };
		110107512B0B0543009CBA6F /* Assets.xcassets in Resources */ = {isa = PBXBuildFile; fileRef = 110107502B0B0543009CBA6F /* Assets.xcassets */; };
		110107542B0B0543009CBA6F /* Preview Assets.xcassets in Resources */ = {isa = PBXBuildFile; fileRef = 110107532B0B0543009CBA6F /* Preview Assets.xcassets */; };
		1101075E2B0B0544009CBA6F /* Little_LemonTests.swift in Sources */ = {isa = PBXBuildFile; fileRef = 1101075D2B0B0544009CBA6F /* Little_LemonTests.swift */; };
		110107682B0B0544009CBA6F /* Little_LemonUITests.swift in Sources */ = {isa = PBXBuildFile; fileRef = 110107672B0B0544009CBA6F /* Little_LemonUITests.swift */; };
		1101076A2B0B0544009CBA6F /* Little_LemonUITestsLaunchTests.swift in Sources */ = {isa = PBXBuildFile; fileRef = 110107692B0B0544009CBA6F /* Little_LemonUITestsLaunchTests.swift */; };
/* End PBXBuildFile section */

/* Begin PBXContainerItemProxy section */
		1101075A2B0B0544009CBA6F /* PBXContainerItemProxy */ = {
			isa = PBXContainerItemProxy;
			containerPortal = 1101073F2B0B0542009CBA6F /* Project object */;
			proxyType = 1;
			remoteGlobalIDString = 110107462B0B0542009CBA6F;
			remoteInfo = "Little Lemon";
		};
		110107642B0B0544009CBA6F /* PBXContainerItemProxy */ = {
			isa = PBXContainerItemProxy;
			containerPortal = 1101073F2B0B0542009CBA6F /* Project object */;
			proxyType = 1;
			remoteGlobalIDString = 110107462B0B0542009CBA6F;
			remoteInfo = "Little Lemon";
		};
/* End PBXContainerItemProxy section */

/* Begin PBXFileReference section */
		110107472B0B0542009CBA6F /* Little Lemon.app */ = {isa = PBXFileReference; explicitFileType = wrapper.application; includeInIndex = 0; path = "Little Lemon.app"; sourceTree = BUILT_PRODUCTS_DIR; };
		1101074A2B0B0542009CBA6F /* Little_LemonApp.swift */ = {isa = PBXFileReference; lastKnownFileType = sourcecode.swift; path = Little_LemonApp.swift; sourceTree = "<group>"; };
		1101074C2B0B0542009CBA6F /* ContentView.swift */ = {isa = PBXFileReference; lastKnownFileType = sourcecode.swift; path = ContentView.swift; sourceTree = "<group>"; };
		1101074E2B0B0542009CBA6F /* Item.swift */ = {isa = PBXFileReference; lastKnownFileType = sourcecode.swift; path = Item.swift; sourceTree = "<group>"; };
		110107502B0B0543009CBA6F /* Assets.xcassets */ = {isa = PBXFileReference; lastKnownFileType = folder.assetcatalog; path = Assets.xcassets; sourceTree = "<group>"; };
		110107532B0B0543009CBA6F /* Preview Assets.xcassets */ = {isa = PBXFileReference; lastKnownFileType = folder.assetcatalog; path = "Preview Assets.xcassets"; sourceTree = "<group>"; };
		110107592B0B0544009CBA6F /* Little LemonTests.xctest */ = {isa = PBXFileReference; explicitFileType = wrapper.cfbundle; includeInIndex = 0; path = "Little LemonTests.xctest"; sourceTree = BUILT_PRODUCTS_DIR; };
		1101075D2B0B0544009CBA6F /* Little_LemonTests.swift */ = {isa = PBXFileReference; lastKnownFileType = sourcecode.swift; path = Little_LemonTests.swift; sourceTree = "<group>"; };
		110107632B0B0544009CBA6F /* Little LemonUITests.xctest */ = {isa = PBXFileReference; explicitFileType = wrapper.cfbundle; includeInIndex = 0; path = "Little LemonUITests.xctest"; sourceTree = BUILT_PRODUCTS_DIR; };
		110107672B0B0544009CBA6F /* Little_LemonUITests.swift */ = {isa = PBXFileReference; lastKnownFileType = sourcecode.swift; path = Little_LemonUITests.swift; sourceTree = "<group>"; };
		110107692B0B0544009CBA6F /* Little_LemonUITestsLaunchTests.swift */ = {isa = PBXFileReference; lastKnownFileType = sourcecode.swift; path = Little_LemonUITestsLaunchTests.swift; sourceTree = "<group>"; };
/* End PBXFileReference section */

/* Begin PBXFrameworksBuildPhase section */
		110107442B0B0542009CBA6F /* Frameworks */ = {
			isa = PBXFrameworksBuildPhase;
			buildActionMask = 2147483647;
			files = (
			);
			runOnlyForDeploymentPostprocessing = 0;
		};
		110107562B0B0544009CBA6F /* Frameworks */ = {
			isa = PBXFrameworksBuildPhase;
			buildActionMask = 2147483647;
			files = (
			);
			runOnlyForDeploymentPostprocessing = 0;
		};
		110107602B0B0544009CBA6F /* Frameworks */ = {
			isa = PBXFrameworksBuildPhase;
			buildActionMask = 2147483647;
			files = (
			);
			runOnlyForDeploymentPostprocessing = 0;
		};
/* End PBXFrameworksBuildPhase section */

/* Begin PBXGroup section */
		1101073E2B0B0541009CBA6F = {
			isa = PBXGroup;
			children = (
				110107492B0B0542009CBA6F /* Little Lemon */,
				1101075C2B0B0544009CBA6F /* Little LemonTests */,
				110107662B0B0544009CBA6F /* Little LemonUITests */,
				110107482B0B0542009CBA6F /* Products */,
			);
			sourceTree = "<group>";
		};
		110107482B0B0542009CBA6F /* Products */ = {
			isa = PBXGroup;
			children = (
				110107472B0B0542009CBA6F /* Little Lemon.app */,
				110107592B0B0544009CBA6F /* Little LemonTests.xctest */,
				110107632B0B0544009CBA6F /* Little LemonUITests.xctest */,
			);
			name = Products;
			sourceTree = "<group>";
		};
		110107492B0B0542009CBA6F /* Little Lemon */ = {
			isa = PBXGroup;
			children = (
				1101074A2B0B0542009CBA6F /* Little_LemonApp.swift */,
				1101074C2B0B0542009CBA6F /* ContentView.swift */,
				1101074E2B0B0542009CBA6F /* Item.swift */,
				110107502B0B0543009CBA6F /* Assets.xcassets */,
				110107522B0B0543009CBA6F /* Preview Content */,
			);
			path = "Little Lemon";
			sourceTree = "<group>";
		};
		110107522B0B0543009CBA6F /* Preview Content */ = {
			isa = PBXGroup;
			children = (
				110107532B0B0543009CBA6F /* Preview Assets.xcassets */,
			);
			path = "Preview Content";
			sourceTree = "<group>";
		};
		1101075C2B0B0544009CBA6F /* Little LemonTests */ = {
			isa = PBXGroup;
			children = (
				1101075D2B0B0544009CBA6F /* Little_LemonTests.swift */,
			);
			path = "Little LemonTests";
			sourceTree = "<group>";
		};
		110107662B0B0544009CBA6F /* Little LemonUITests */ = {
			isa = PBXGroup;
			children = (
				110107672B0B0544009CBA6F /* Little_LemonUITests.swift */,
				110107692B0B0544009CBA6F /* Little_LemonUITestsLaunchTests.swift */,
			);
			path = "Little LemonUITests";
			sourceTree = "<group>";
		};
/* End PBXGroup section */

/* Begin PBXNativeTarget section */
		110107462B0B0542009CBA6F /* Little Lemon */ = {
			isa = PBXNativeTarget;
			buildConfigurationList = 1101076D2B0B0544009CBA6F /* Build configuration list for PBXNativeTarget "Little Lemon" */;
			buildPhases = (
				110107432B0B0542009CBA6F /* Sources */,
				110107442B0B0542009CBA6F /* Frameworks */,
				110107452B0B0542009CBA6F /* Resources */,
			);
			buildRules = (
			);
			dependencies = (
			);
			name = "Little Lemon";
			productName = "Little Lemon";
			productReference = 110107472B0B0542009CBA6F /* Little Lemon.app */;
			productType = "com.apple.product-type.application";
		};
		110107582B0B0544009CBA6F /* Little LemonTests */ = {
			isa = PBXNativeTarget;
			buildConfigurationList = 110107702B0B0544009CBA6F /* Build configuration list for PBXNativeTarget "Little LemonTests" */;
			buildPhases = (
				110107552B0B0544009CBA6F /* Sources */,
				110107562B0B0544009CBA6F /* Frameworks */,
				110107572B0B0544009CBA6F /* Resources */,
			);
			buildRules = (
			);
			dependencies = (
				1101075B2B0B0544009CBA6F /* PBXTargetDependency */,
			);
			name = "Little LemonTests";
			productName = "Little LemonTests";
			productReference = 110107592B0B0544009CBA6F /* Little LemonTests.xctest */;
			productType = "com.apple.product-type.bundle.unit-test";
		};
		110107622B0B0544009CBA6F /* Little LemonUITests */ = {
			isa = PBXNativeTarget;
			buildConfigurationList = 110107732B0B0544009CBA6F /* Build configuration list for PBXNativeTarget "Little LemonUITests" */;
			buildPhases = (
				1101075F2B0B0544009CBA6F /* Sources */,
				110107602B0B0544009CBA6F /* Frameworks */,
				110107612B0B0544009CBA6F /* Resources */,
			);
			buildRules = (
			);
			dependencies = (
				110107652B0B0544009CBA6F /* PBXTargetDependency */,
			);
			name = "Little LemonUITests";
			productName = "Little LemonUITests";
			productReference = 110107632B0B0544009CBA6F /* Little LemonUITests.xctest */;
			productType = "com.apple.product-type.bundle.ui-testing";
		};
/* End PBXNativeTarget section */

/* Begin PBXProject section */
		1101073F2B0B0542009CBA6F /* Project object */ = {
			isa = PBXProject;
			attributes = {
				BuildIndependentTargetsInParallel = 1;
				LastSwiftUpdateCheck = 1500;
				LastUpgradeCheck = 1500;
				TargetAttributes = {
					110107462B0B0542009CBA6F = {
						CreatedOnToolsVersion = 15.0.1;
					};
					110107582B0B0544009CBA6F = {
						CreatedOnToolsVersion = 15.0.1;
						TestTargetID = 110107462B0B0542009CBA6F;
					};
					110107622B0B0544009CBA6F = {
						CreatedOnToolsVersion = 15.0.1;
						TestTargetID = 110107462B0B0542009CBA6F;
					};
				};
			};
			buildConfigurationList = 110107422B0B0542009CBA6F /* Build configuration list for PBXProject "Little Lemon" */;
			compatibilityVersion = "Xcode 14.0";
			developmentRegion = en;
			hasScannedForEncodings = 0;
			knownRegions = (
				en,
				Base,
			);
			mainGroup = 1101073E2B0B0541009CBA6F;
			productRefGroup = 110107482B0B0542009CBA6F /* Products */;
			projectDirPath = "";
			projectRoot = "";
			targets = (
				110107462B0B0542009CBA6F /* Little Lemon */,
				110107582B0B0544009CBA6F /* Little LemonTests */,
				110107622B0B0544009CBA6F /* Little LemonUITests */,
			);
		};
/* End PBXProject section */

/* Begin PBXResourcesBuildPhase section */
		110107452B0B0542009CBA6F /* Resources */ = {
			isa = PBXResourcesBuildPhase;
			buildActionMask = 2147483647;
			files = (
				110107542B0B0543009CBA6F /* Preview Assets.xcassets in Resources */,
				110107512B0B0543009CBA6F /* Assets.xcassets in Resources */,
			);
			runOnlyForDeploymentPostprocessing = 0;
		};
		110107572B0B0544009CBA6F /* Resources */ = {
			isa = PBXResourcesBuildPhase;
			buildActionMask = 2147483647;
			files = (
			);
			runOnlyForDeploymentPostprocessing = 0;
		};
		110107612B0B0544009CBA6F /* Resources */ = {
			isa = PBXResourcesBuildPhase;
			buildActionMask = 2147483647;
			files = (
			);
			runOnlyForDeploymentPostprocessing = 0;
		};
/* End PBXResourcesBuildPhase section */

/* Begin PBXSourcesBuildPhase section */
		110107432B0B0542009CBA6F /* Sources */ = {
			isa = PBXSourcesBuildPhase;
			buildActionMask = 2147483647;
			files = (
				1101074D2B0B0542009CBA6F /* ContentView.swift in Sources */,
				1101074F2B0B0542009CBA6F /* Item.swift in Sources */,
				1101074B2B0B0542009CBA6F /* Little_LemonApp.swift in Sources */,
			);
			runOnlyForDeploymentPostprocessing = 0;
		};
		110107552B0B0544009CBA6F /* Sources */ = {
			isa = PBXSourcesBuildPhase;
			buildActionMask = 2147483647;
			files = (
				1101075E2B0B0544009CBA6F /* Little_LemonTests.swift in Sources */,
			);
			runOnlyForDeploymentPostprocessing = 0;
		};
		1101075F2B0B0544009CBA6F /* Sources */ = {
			isa = PBXSourcesBuildPhase;
			buildActionMask = 2147483647;
			files = (
				1101076A2B0B0544009CBA6F /* Little_LemonUITestsLaunchTests.swift in Sources */,
				110107682B0B0544009CBA6F /* Little_LemonUITests.swift in Sources */,
			);
			runOnlyForDeploymentPostprocessing = 0;
		};
/* End PBXSourcesBuildPhase section */

/* Begin PBXTargetDependency section */
		1101075B2B0B0544009CBA6F /* PBXTargetDependency */ = {
			isa = PBXTargetDependency;
			target = 110107462B0B0542009CBA6F /* Little Lemon */;
			targetProxy = 1101075A2B0B0544009CBA6F /* PBXContainerItemProxy */;
		};
		110107652B0B0544009CBA6F /* PBXTargetDependency */ = {
			isa = PBXTargetDependency;
			target = 110107462B0B0542009CBA6F /* Little Lemon */;
			targetProxy = 110107642B0B0544009CBA6F /* PBXContainerItemProxy */;
		};
/* End PBXTargetDependency section */

/* Begin XCBuildConfiguration section */
		1101076B2B0B0544009CBA6F /* Debug */ = {
			isa = XCBuildConfiguration;
			buildSettings = {
				ALWAYS_SEARCH_USER_PATHS = NO;
				ASSETCATALOG_COMPILER_GENERATE_SWIFT_ASSET_SYMBOL_EXTENSIONS = YES;
				CLANG_ANALYZER_NONNULL = YES;
				CLANG_ANALYZER_NUMBER_OBJECT_CONVERSION = YES_AGGRESSIVE;
				CLANG_CXX_LANGUAGE_STANDARD = "gnu++20";
				CLANG_ENABLE_MODULES = YES;
				CLANG_ENABLE_OBJC_ARC = YES;
				CLANG_ENABLE_OBJC_WEAK = YES;
				CLANG_WARN_BLOCK_CAPTURE_AUTORELEASING = YES;
				CLANG_WARN_BOOL_CONVERSION = YES;
				CLANG_WARN_COMMA = YES;
				CLANG_WARN_CONSTANT_CONVERSION = YES;
				CLANG_WARN_DEPRECATED_OBJC_IMPLEMENTATIONS = YES;
				CLANG_WARN_DIRECT_OBJC_ISA_USAGE = YES_ERROR;
				CLANG_WARN_DOCUMENTATION_COMMENTS = YES;
				CLANG_WARN_EMPTY_BODY = YES;
				CLANG_WARN_ENUM_CONVERSION = YES;
				CLANG_WARN_INFINITE_RECURSION = YES;
				CLANG_WARN_INT_CONVERSION = YES;
				CLANG_WARN_NON_LITERAL_NULL_CONVERSION = YES;
				CLANG_WARN_OBJC_IMPLICIT_RETAIN_SELF = YES;
				CLANG_WARN_OBJC_LITERAL_CONVERSION = YES;
				CLANG_WARN_OBJC_ROOT_CLASS = YES_ERROR;
				CLANG_WARN_QUOTED_INCLUDE_IN_FRAMEWORK_HEADER = YES;
				CLANG_WARN_RANGE_LOOP_ANALYSIS = YES;
				CLANG_WARN_STRICT_PROTOTYPES = YES;
				CLANG_WARN_SUSPICIOUS_MOVE = YES;
				CLANG_WARN_UNGUARDED_AVAILABILITY = YES_AGGRESSIVE;
				CLANG_WARN_UNREACHABLE_CODE = YES;
				CLANG_WARN__DUPLICATE_METHOD_MATCH = YES;
				COPY_PHASE_STRIP = NO;
				DEBUG_INFORMATION_FORMAT = dwarf;
				ENABLE_STRICT_OBJC_MSGSEND = YES;
				ENABLE_TESTABILITY = YES;
				ENABLE_USER_SCRIPT_SANDBOXING = YES;
				GCC_C_LANGUAGE_STANDARD = gnu17;
				GCC_DYNAMIC_NO_PIC = NO;
				GCC_NO_COMMON_BLOCKS = YES;
				GCC_OPTIMIZATION_LEVEL = 0;
				GCC_PREPROCESSOR_DEFINITIONS = (
					"DEBUG=1",
					"$(inherited)",
				);
				GCC_WARN_64_TO_32_BIT_CONVERSION = YES;
				GCC_WARN_ABOUT_RETURN_TYPE = YES_ERROR;
				GCC_WARN_UNDECLARED_SELECTOR = YES;
				GCC_WARN_UNINITIALIZED_AUTOS = YES_AGGRESSIVE;
				GCC_WARN_UNUSED_FUNCTION = YES;
				GCC_WARN_UNUSED_VARIABLE = YES;
				IPHONEOS_DEPLOYMENT_TARGET = 17.0;
				LOCALIZATION_PREFERS_STRING_CATALOGS = YES;
				MTL_ENABLE_DEBUG_INFO = INCLUDE_SOURCE;
				MTL_FAST_MATH = YES;
				ONLY_ACTIVE_ARCH = YES;
				SDKROOT = iphoneos;
				SWIFT_ACTIVE_COMPILATION_CONDITIONS = "DEBUG $(inherited)";
				SWIFT_OPTIMIZATION_LEVEL = "-Onone";
			};
			name = Debug;
		};
		1101076C2B0B0544009CBA6F /* Release */ = {
			isa = XCBuildConfiguration;
			buildSettings = {
				ALWAYS_SEARCH_USER_PATHS = NO;
				ASSETCATALOG_COMPILER_GENERATE_SWIFT_ASSET_SYMBOL_EXTENSIONS = YES;
				CLANG_ANALYZER_NONNULL = YES;
				CLANG_ANALYZER_NUMBER_OBJECT_CONVERSION = YES_AGGRESSIVE;
				CLANG_CXX_LANGUAGE_STANDARD = "gnu++20";
				CLANG_ENABLE_MODULES = YES;
				CLANG_ENABLE_OBJC_ARC = YES;
				CLANG_ENABLE_OBJC_WEAK = YES;
				CLANG_WARN_BLOCK_CAPTURE_AUTORELEASING = YES;
				CLANG_WARN_BOOL_CONVERSION = YES;
				CLANG_WARN_COMMA = YES;
				CLANG_WARN_CONSTANT_CONVERSION = YES;
				CLANG_WARN_DEPRECATED_OBJC_IMPLEMENTATIONS = YES;
				CLANG_WARN_DIRECT_OBJC_ISA_USAGE = YES_ERROR;
				CLANG_WARN_DOCUMENTATION_COMMENTS = YES;
				CLANG_WARN_EMPTY_BODY = YES;
				CLANG_WARN_ENUM_CONVERSION = YES;
				CLANG_WARN_INFINITE_RECURSION = YES;
				CLANG_WARN_INT_CONVERSION = YES;
				CLANG_WARN_NON_LITERAL_NULL_CONVERSION = YES;
				CLANG_WARN_OBJC_IMPLICIT_RETAIN_SELF = YES;
				CLANG_WARN_OBJC_LITERAL_CONVERSION = YES;
				CLANG_WARN_OBJC_ROOT_CLASS = YES_ERROR;
				CLANG_WARN_QUOTED_INCLUDE_IN_FRAMEWORK_HEADER = YES;
				CLANG_WARN_RANGE_LOOP_ANALYSIS = YES;
				CLANG_WARN_STRICT_PROTOTYPES = YES;
				CLANG_WARN_SUSPICIOUS_MOVE = YES;
				CLANG_WARN_UNGUARDED_AVAILABILITY = YES_AGGRESSIVE;
				CLANG_WARN_UNREACHABLE_CODE = YES;
				CLANG_WARN__DUPLICATE_METHOD_MATCH = YES;
				COPY_PHASE_STRIP = NO;
				DEBUG_INFORMATION_FORMAT = "dwarf-with-dsym";
				ENABLE_NS_ASSERTIONS = NO;
				ENABLE_STRICT_OBJC_MSGSEND = YES;
				ENABLE_USER_SCRIPT_SANDBOXING = YES;
				GCC_C_LANGUAGE_STANDARD = gnu17;
				GCC_NO_COMMON_BLOCKS = YES;
				GCC_WARN_64_TO_32_BIT_CONVERSION = YES;
				GCC_WARN_ABOUT_RETURN_TYPE = YES_ERROR;
				GCC_WARN_UNDECLARED_SELECTOR = YES;
				GCC_WARN_UNINITIALIZED_AUTOS = YES_AGGRESSIVE;
				GCC_WARN_UNUSED_FUNCTION = YES;
				GCC_WARN_UNUSED_VARIABLE = YES;
				IPHONEOS_DEPLOYMENT_TARGET = 17.0;
				LOCALIZATION_PREFERS_STRING_CATALOGS = YES;
				MTL_ENABLE_DEBUG_INFO = NO;
				MTL_FAST_MATH = YES;
				SDKROOT = iphoneos;
				SWIFT_COMPILATION_MODE = wholemodule;
				VALIDATE_PRODUCT = YES;
			};
			name = Release;
		};
		1101076E2B0B0544009CBA6F /* Debug */ = {
			isa = XCBuildConfiguration;
			buildSettings = {
				ASSETCATALOG_COMPILER_APPICON_NAME = AppIcon;
				ASSETCATALOG_COMPILER_GLOBAL_ACCENT_COLOR_NAME = AccentColor;
				CODE_SIGN_STYLE = Automatic;
				CURRENT_PROJECT_VERSION = 1;
				DEVELOPMENT_ASSET_PATHS = "\"Little Lemon/Preview Content\"";
				DEVELOPMENT_TEAM = 8N65R72A85;
				ENABLE_PREVIEWS = YES;
				GENERATE_INFOPLIST_FILE = YES;
				INFOPLIST_KEY_UIApplicationSceneManifest_Generation = YES;
				INFOPLIST_KEY_UIApplicationSupportsIndirectInputEvents = YES;
				INFOPLIST_KEY_UILaunchScreen_Generation = YES;
				INFOPLIST_KEY_UISupportedInterfaceOrientations_iPad = "UIInterfaceOrientationPortrait UIInterfaceOrientationPortraitUpsideDown UIInterfaceOrientationLandscapeLeft UIInterfaceOrientationLandscapeRight";
				INFOPLIST_KEY_UISupportedInterfaceOrientations_iPhone = "UIInterfaceOrientationPortrait UIInterfaceOrientationLandscapeLeft UIInterfaceOrientationLandscapeRight";
				LD_RUNPATH_SEARCH_PATHS = (
					"$(inherited)",
					"@executable_path/Frameworks",
				);
				MARKETING_VERSION = 1.0;
				PRODUCT_BUNDLE_IDENTIFIER = "com.testKKP.Little-Lemon";
				PRODUCT_NAME = "$(TARGET_NAME)";
				SWIFT_EMIT_LOC_STRINGS = YES;
				SWIFT_VERSION = 5.0;
				TARGETED_DEVICE_FAMILY = "1,2";
			};
			name = Debug;
		};
		1101076F2B0B0544009CBA6F /* Release */ = {
			isa = XCBuildConfiguration;
			buildSettings = {
				ASSETCATALOG_COMPILER_APPICON_NAME = AppIcon;
				ASSETCATALOG_COMPILER_GLOBAL_ACCENT_COLOR_NAME = AccentColor;
				CODE_SIGN_STYLE = Automatic;
				CURRENT_PROJECT_VERSION = 1;
				DEVELOPMENT_ASSET_PATHS = "\"Little Lemon/Preview Content\"";
				DEVELOPMENT_TEAM = 8N65R72A85;
				ENABLE_PREVIEWS = YES;
				GENERATE_INFOPLIST_FILE = YES;
				INFOPLIST_KEY_UIApplicationSceneManifest_Generation = YES;
				INFOPLIST_KEY_UIApplicationSupportsIndirectInputEvents = YES;
				INFOPLIST_KEY_UILaunchScreen_Generation = YES;
				INFOPLIST_KEY_UISupportedInterfaceOrientations_iPad = "UIInterfaceOrientationPortrait UIInterfaceOrientationPortraitUpsideDown UIInterfaceOrientationLandscapeLeft UIInterfaceOrientationLandscapeRight";
				INFOPLIST_KEY_UISupportedInterfaceOrientations_iPhone = "UIInterfaceOrientationPortrait UIInterfaceOrientationLandscapeLeft UIInterfaceOrientationLandscapeRight";
				LD_RUNPATH_SEARCH_PATHS = (
					"$(inherited)",
					"@executable_path/Frameworks",
				);
				MARKETING_VERSION = 1.0;
				PRODUCT_BUNDLE_IDENTIFIER = "com.testKKP.Little-Lemon";
				PRODUCT_NAME = "$(TARGET_NAME)";
				SWIFT_EMIT_LOC_STRINGS = YES;
				SWIFT_VERSION = 5.0;
				TARGETED_DEVICE_FAMILY = "1,2";
			};
			name = Release;
		};
		110107712B0B0544009CBA6F /* Debug */ = {
			isa = XCBuildConfiguration;
			buildSettings = {
				ALWAYS_EMBED_SWIFT_STANDARD_LIBRARIES = YES;
				BUNDLE_LOADER = "$(TEST_HOST)";
				CODE_SIGN_STYLE = Automatic;
				CURRENT_PROJECT_VERSION = 1;
				DEVELOPMENT_TEAM = 8N65R72A85;
				GENERATE_INFOPLIST_FILE = YES;
				IPHONEOS_DEPLOYMENT_TARGET = 17.0;
				MARKETING_VERSION = 1.0;
				PRODUCT_BUNDLE_IDENTIFIER = "com.testKKP.Little-LemonTests";
				PRODUCT_NAME = "$(TARGET_NAME)";
				SWIFT_EMIT_LOC_STRINGS = NO;
				SWIFT_VERSION = 5.0;
				TARGETED_DEVICE_FAMILY = "1,2";
				TEST_HOST = "$(BUILT_PRODUCTS_DIR)/Little Lemon.app/$(BUNDLE_EXECUTABLE_FOLDER_PATH)/Little Lemon";
			};
			name = Debug;
		};
		110107722B0B0544009CBA6F /* Release */ = {
			isa = XCBuildConfiguration;
			buildSettings = {
				ALWAYS_EMBED_SWIFT_STANDARD_LIBRARIES = YES;
				BUNDLE_LOADER = "$(TEST_HOST)";
				CODE_SIGN_STYLE = Automatic;
				CURRENT_PROJECT_VERSION = 1;
				DEVELOPMENT_TEAM = 8N65R72A85;
				GENERATE_INFOPLIST_FILE = YES;
				IPHONEOS_DEPLOYMENT_TARGET = 17.0;
				MARKETING_VERSION = 1.0;
				PRODUCT_BUNDLE_IDENTIFIER = "com.testKKP.Little-LemonTests";
				PRODUCT_NAME = "$(TARGET_NAME)";
				SWIFT_EMIT_LOC_STRINGS = NO;
				SWIFT_VERSION = 5.0;
				TARGETED_DEVICE_FAMILY = "1,2";
				TEST_HOST = "$(BUILT_PRODUCTS_DIR)/Little Lemon.app/$(BUNDLE_EXECUTABLE_FOLDER_PATH)/Little Lemon";
			};
			name = Release;
		};
		110107742B0B0544009CBA6F /* Debug */ = {
			isa = XCBuildConfiguration;
			buildSettings = {
				ALWAYS_EMBED_SWIFT_STANDARD_LIBRARIES = YES;
				CODE_SIGN_STYLE = Automatic;
				CURRENT_PROJECT_VERSION = 1;
				DEVELOPMENT_TEAM = 8N65R72A85;
				GENERATE_INFOPLIST_FILE = YES;
				MARKETING_VERSION = 1.0;
				PRODUCT_BUNDLE_IDENTIFIER = "com.testKKP.Little-LemonUITests";
				PRODUCT_NAME = "$(TARGET_NAME)";
				SWIFT_EMIT_LOC_STRINGS = NO;
				SWIFT_VERSION = 5.0;
				TARGETED_DEVICE_FAMILY = "1,2";
				TEST_TARGET_NAME = "Little Lemon";
			};
			name = Debug;
		};
		110107752B0B0544009CBA6F /* Release */ = {
			isa = XCBuildConfiguration;
			buildSettings = {
				ALWAYS_EMBED_SWIFT_STANDARD_LIBRARIES = YES;
				CODE_SIGN_STYLE = Automatic;
				CURRENT_PROJECT_VERSION = 1;
				DEVELOPMENT_TEAM = 8N65R72A85;
				GENERATE_INFOPLIST_FILE = YES;
				MARKETING_VERSION = 1.0;
				PRODUCT_BUNDLE_IDENTIFIER = "com.testKKP.Little-LemonUITests";
				PRODUCT_NAME = "$(TARGET_NAME)";
				SWIFT_EMIT_LOC_STRINGS = NO;
				SWIFT_VERSION = 5.0;
				TARGETED_DEVICE_FAMILY = "1,2";
				TEST_TARGET_NAME = "Little Lemon";
			};
			name = Release;
		};
/* End XCBuildConfiguration section */

/* Begin XCConfigurationList section */
		110107422B0B0542009CBA6F /* Build configuration list for PBXProject "Little Lemon" */ = {
			isa = XCConfigurationList;
			buildConfigurations = (
				1101076B2B0B0544009CBA6F /* Debug */,
				1101076C2B0B0544009CBA6F /* Release */,
			);
			defaultConfigurationIsVisible = 0;
			defaultConfigurationName = Release;
		};
		1101076D2B0B0544009CBA6F /* Build configuration list for PBXNativeTarget "Little Lemon" */ = {
			isa = XCConfigurationList;
			buildConfigurations = (
				1101076E2B0B0544009CBA6F /* Debug */,
				1101076F2B0B0544009CBA6F /* Release */,
			);
			defaultConfigurationIsVisible = 0;
			defaultConfigurationName = Release;
		};
		110107702B0B0544009CBA6F /* Build configuration list for PBXNativeTarget "Little LemonTests" */ = {
			isa = XCConfigurationList;
			buildConfigurations = (
				110107712B0B0544009CBA6F /* Debug */,
				110107722B0B0544009CBA6F /* Release */,
			);
			defaultConfigurationIsVisible = 0;
			defaultConfigurationName = Release;
		};
		110107732B0B0544009CBA6F /* Build configuration list for PBXNativeTarget "Little LemonUITests" */ = {
			isa = XCConfigurationList;
			buildConfigurations = (
				110107742B0B0544009CBA6F /* Debug */,
				110107752B0B0544009CBA6F /* Release */,
			);
			defaultConfigurationIsVisible = 0;
			defaultConfigurationName = Release;
		};
/* End XCConfigurationList section */
	};
	rootObject = 1101073F2B0B0542009CBA6F /* Project object */;
}
